
Microsoft Visual Studio Solution File, Format Version 12.00
# Visual Studio Version 16
VisualStudioVersion = 16.0.29709.97
MinimumVisualStudioVersion = 10.0.40219.1
Project("{FAE04EC0-301F-11D3-BF4B-00C04F79EFBC}") = "FakeLogonScreen", "FakeLogonScreen.csproj", "{D35A55BD-3189-498B-B72F-DC798172E505}"
EndProject
Global
	GlobalSection(SolutionConfigurationPlatforms) = preSolution
		Debug|Any CPU = Debug|Any CPU
		Release|Any CPU = Release|Any CPU
	EndGlobalSection
	GlobalSection(ProjectConfigurationPlatforms) = postSolution
		{D35A55BD-3189-498B-B72F-DC798172E505}.Debug|Any CPU.ActiveCfg = Debug|Any CPU
		{D35A55BD-3189-498B-B72F-DC798172E505}.Debug|Any CPU.Build.0 = Debug|Any CPU
		{D35A55BD-3189-498B-B72F-DC798172E505}.Release|Any CPU.ActiveCfg = Release|Any CPU
		{D35A55BD-3189-498B-B72F-DC798172E505}.Release|Any CPU.Build.0 = Release|Any CPU
	EndGlobalSection
	GlobalSection(SolutionProperties) = preSolution
		HideSolutionNode = FALSE
	EndGlobalSection
	GlobalSection(ExtensibilityGlobals) = postSolution
		SolutionGuid = {D79BA83E-2278-4FC5-A982-8C9478339321}
	EndGlobalSection
EndGlobal
